// !$*UTF8*$!
{
	archiveVersion = 1;
	classes = {
	};
	objectVersion = 56;
	objects = {

/* Begin PBXBuildFile section */
		1701A106203B44DFB57D6006 /* PdfError.swift in Sources */ = {isa = PBXBuildFile; fileRef = CBEC9ACB1FA0415795873CA9 /* PdfError.swift */; };
		0C9A608C57C84E4CA73789D9 /* PdfMetadata.swift in Sources */ = {isa = PBXBuildFile; fileRef = 84623C8545FF4472B3D9CACE /* PdfMetadata.swift */; };
		DA922DE4A88648F7B1F8D69A /* PdfChapter.swift in Sources */ = {isa = PBXBuildFile; fileRef = CA95A12175A14149B2C89021 /* PdfChapter.swift */; };
		3C2163D37D71485D8E638F97 /* PdfBook.swift in Sources */ = {isa = PBXBuildFile; fileRef = 1DED0DC21B804DC085325F22 /* PdfBook.swift */; };
		E7F10C6FC1B94F2EAEC04062 /* PdfOCREngine.swift in Sources */ = {isa = PBXBuildFile; fileRef = 69447FF0C55E46D3BEE3AA73 /* PdfOCREngine.swift */; };
		F0A01A49D557428EA911AF44 /* PdfTextCleaner.swift in Sources */ = {isa = PBXBuildFile; fileRef = 849086EC51A84536BBD85C67 /* PdfTextCleaner.swift */; };
		F2A0D29012B14AAEBC7C0636 /* PdfTOCParser.swift in Sources */ = {isa = PBXBuildFile; fileRef = AE472E66ED524A0BA995B12C /* PdfTOCParser.swift */; };
		738AD8FCE40946ADBC21C323 /* PdfParser.swift in Sources */ = {isa = PBXBuildFile; fileRef = C06A3CB8E2B542889524FAEF /* PdfParser.swift */; };
		90B50A1B63734C52959F9A81 /* TTSChunker.swift in Sources */ = {isa = PBXBuildFile; fileRef = 803B6F30438E4BDE95B91E13 /* TTSChunker.swift */; };
		D2C0AF67C1564918B39A534E /* PDFKitAudio.swift in Sources */ = {isa = PBXBuildFile; fileRef = B60E98C478284558AB81733C /* PDFKitAudio.swift */; };
		3E717F4D6E584C83AE31B522 /* DemoApp.swift in Sources */ = {isa = PBXBuildFile; fileRef = A07351B17F8D499484FE6214 /* DemoApp.swift */; };
		C1123329BA714562B4C1086E /* ContentView.swift in Sources */ = {isa = PBXBuildFile; fileRef = CC2649A40B364A80B01F3F0B /* ContentView.swift */; };
		5DA09A596DDB4881ACAEDFDB /* BookViewModel.swift in Sources */ = {isa = PBXBuildFile; fileRef = 24AFFFFA84044E2FA4F34AEE /* BookViewModel.swift */; };
/* End PBXBuildFile section */

/* Begin PBXFileReference section */
		CBEC9ACB1FA0415795873CA9 /* PdfError.swift */ = {isa = PBXFileReference; lastKnownFileType = sourcecode.swift; path = "PdfError.swift"; sourceTree = "<group>"; };
		84623C8545FF4472B3D9CACE /* PdfMetadata.swift */ = {isa = PBXFileReference; lastKnownFileType = sourcecode.swift; path = "PdfMetadata.swift"; sourceTree = "<group>"; };
		CA95A12175A14149B2C89021 /* PdfChapter.swift */ = {isa = PBXFileReference; lastKnownFileType = sourcecode.swift; path = "PdfChapter.swift"; sourceTree = "<group>"; };
		1DED0DC21B804DC085325F22 /* PdfBook.swift */ = {isa = PBXFileReference; lastKnownFileType = sourcecode.swift; path = "PdfBook.swift"; sourceTree = "<group>"; };
		69447FF0C55E46D3BEE3AA73 /* PdfOCREngine.swift */ = {isa = PBXFileReference; lastKnownFileType = sourcecode.swift; path = "PdfOCREngine.swift"; sourceTree = "<group>"; };
		849086EC51A84536BBD85C67 /* PdfTextCleaner.swift */ = {isa = PBXFileReference; lastKnownFileType = sourcecode.swift; path = "PdfTextCleaner.swift"; sourceTree = "<group>"; };
		AE472E66ED524A0BA995B12C /* PdfTOCParser.swift */ = {isa = PBXFileReference; lastKnownFileType = sourcecode.swift; path = "PdfTOCParser.swift"; sourceTree = "<group>"; };
		C06A3CB8E2B542889524FAEF /* PdfParser.swift */ = {isa = PBXFileReference; lastKnownFileType = sourcecode.swift; path = "PdfParser.swift"; sourceTree = "<group>"; };
		803B6F30438E4BDE95B91E13 /* TTSChunker.swift */ = {isa = PBXFileReference; lastKnownFileType = sourcecode.swift; path = "TTSChunker.swift"; sourceTree = "<group>"; };
		B60E98C478284558AB81733C /* PDFKitAudio.swift */ = {isa = PBXFileReference; lastKnownFileType = sourcecode.swift; path = "PDFKitAudio.swift"; sourceTree = "<group>"; };
		A07351B17F8D499484FE6214 /* DemoApp.swift */ = {isa = PBXFileReference; lastKnownFileType = sourcecode.swift; path = "DemoApp.swift"; sourceTree = "<group>"; };
		CC2649A40B364A80B01F3F0B /* ContentView.swift */ = {isa = PBXFileReference; lastKnownFileType = sourcecode.swift; path = "ContentView.swift"; sourceTree = "<group>"; };
		24AFFFFA84044E2FA4F34AEE /* BookViewModel.swift */ = {isa = PBXFileReference; lastKnownFileType = sourcecode.swift; path = "BookViewModel.swift"; sourceTree = "<group>"; };
		CAB1652FFED44A5F9255AEDD /* PDFDemoApp.app */ = {isa = PBXFileReference; explicitFileType = wrapper.application; includeInIndex = 0; path = PDFDemoApp.app; sourceTree = BUILT_PRODUCTS_DIR; };
/* End PBXFileReference section */

/* Begin PBXFrameworksBuildPhase section */
		3131B32379D742D19EC1EA0D /* Frameworks */ = {
			isa = PBXFrameworksBuildPhase;
			buildActionMask = 2147483647;
			files = (
			);
			runOnlyForDeploymentPostprocessing = 0;
		};
/* End PBXFrameworksBuildPhase section */

/* Begin PBXGroup section */
		9AC34FB929D4490EA8CBB7AE = {
			isa = PBXGroup;
			children = (
				9530319F24C14DF0908E1440 /* PDFKitAudio */,
				894444B2660246F18D41FA81 /* PDFDemoApp */,
				A2C834B3A9064FB4A3A19B64 /* Products */
			);
			sourceTree = "<group>";
		};
		A2C834B3A9064FB4A3A19B64 /* Products */ = {
			isa = PBXGroup;
			children = (
				CAB1652FFED44A5F9255AEDD /* PDFDemoApp.app */
			);
			name = Products;
			sourceTree = "<group>";
		};
		9530319F24C14DF0908E1440 /* PDFKitAudio */ = {
			isa = PBXGroup;
			children = (
				C499DE02B9BF4B58973191AB /* Core */,
				DD190721D0A34581A738B8EA /* Models */,
				2A796613DF8A495DA33D61ED /* Audiobook */,
				B60E98C478284558AB81733C /* PDFKitAudio.swift */
			);
			path = "../../Sources/PDFKitAudio";
			sourceTree = "<group>";
		};
		C499DE02B9BF4B58973191AB /* Core */ = {
			isa = PBXGroup;
			children = (
				69447FF0C55E46D3BEE3AA73 /* PdfOCREngine.swift */,
				849086EC51A84536BBD85C67 /* PdfTextCleaner.swift */,
				AE472E66ED524A0BA995B12C /* PdfTOCParser.swift */,
				C06A3CB8E2B542889524FAEF /* PdfParser.swift */
			);
			path = Core;
			sourceTree = "<group>";
		};
		DD190721D0A34581A738B8EA /* Models */ = {
			isa = PBXGroup;
			children = (
				CBEC9ACB1FA0415795873CA9 /* PdfError.swift */,
				84623C8545FF4472B3D9CACE /* PdfMetadata.swift */,
				CA95A12175A14149B2C89021 /* PdfChapter.swift */,
				1DED0DC21B804DC085325F22 /* PdfBook.swift */
			);
			path = Models;
			sourceTree = "<group>";
		};
		2A796613DF8A495DA33D61ED /* Audiobook */ = {
			isa = PBXGroup;
			children = (
				803B6F30438E4BDE95B91E13 /* TTSChunker.swift */
			);
			path = Audiobook;
			sourceTree = "<group>";
		};
		894444B2660246F18D41FA81 /* PDFDemoApp */ = {
			isa = PBXGroup;
			children = (
				A07351B17F8D499484FE6214 /* DemoApp.swift */,
				CC2649A40B364A80B01F3F0B /* ContentView.swift */,
				24AFFFFA84044E2FA4F34AEE /* BookViewModel.swift */
			);
			path = PDFDemoApp;
			sourceTree = "<group>";
		};
/* End PBXGroup section */

/* Begin PBXNativeTarget section */
		E2F0DA492FE34457B9421D2D /* PDFDemoApp */ = {
			isa = PBXNativeTarget;
			buildConfigurationList = E28A7F2F057F4DD3854596CC;
			buildPhases = (
				2E602FA83A37491B8DD885A9 /* Sources */,
				3131B32379D742D19EC1EA0D /* Frameworks */,
				97B9B5AD719349A2A10F1FD7 /* Resources */,
			);
			buildRules = (
			);
			dependencies = (
			);
			name = PDFDemoApp;
			productName = PDFDemoApp;
			productReference = CAB1652FFED44A5F9255AEDD /* PDFDemoApp.app */;
			productType = "com.apple.product-type.application";
		};
/* End PBXNativeTarget section */

/* Begin PBXProject section */
		68415898EE0A46C39AA8A9AB /* Project object */ = {
			isa = PBXProject;
			attributes = {
				BuildIndependentTargetsInParallel = 1;
				LastSwiftUpdateCheck = 1420;
				LastUpgradeCheck = 1500;
				TargetAttributes = {
					E2F0DA492FE34457B9421D2D = {
						CreatedOnToolsVersion = 15.0;
					};
				};
			};
			buildConfigurationList = 89926020CF664503B547322C;
			compatibilityVersion = "Xcode 14.0";
			developmentRegion = en;
			hasScannedForEncodings = 0;
			knownRegions = (
				en,
				Base,
			);
			mainGroup = 9AC34FB929D4490EA8CBB7AE;
			productRefGroup = A2C834B3A9064FB4A3A19B64 /* Products */;
			projectDirPath = "";
			projectRoot = "";
			targets = (
				E2F0DA492FE34457B9421D2D /* PDFDemoApp */,
			);
		};
/* End PBXProject section */

/* Begin PBXResourcesBuildPhase section */
		97B9B5AD719349A2A10F1FD7 /* Resources */ = {
			isa = PBXResourcesBuildPhase;
			buildActionMask = 2147483647;
			files = (
			);
			runOnlyForDeploymentPostprocessing = 0;
		};
/* End PBXResourcesBuildPhase section */

/* Begin PBXSourcesBuildPhase section */
		2E602FA83A37491B8DD885A9 /* Sources */ = {
			isa = PBXSourcesBuildPhase;
			buildActionMask = 2147483647;
			files = (
				1701A106203B44DFB57D6006 /* PdfError.swift in Sources */,
				0C9A608C57C84E4CA73789D9 /* PdfMetadata.swift in Sources */,
				DA922DE4A88648F7B1F8D69A /* PdfChapter.swift in Sources */,
				3C2163D37D71485D8E638F97 /* PdfBook.swift in Sources */,
				E7F10C6FC1B94F2EAEC04062 /* PdfOCREngine.swift in Sources */,
				F0A01A49D557428EA911AF44 /* PdfTextCleaner.swift in Sources */,
				F2A0D29012B14AAEBC7C0636 /* PdfTOCParser.swift in Sources */,
				738AD8FCE40946ADBC21C323 /* PdfParser.swift in Sources */,
				90B50A1B63734C52959F9A81 /* TTSChunker.swift in Sources */,
				D2C0AF67C1564918B39A534E /* PDFKitAudio.swift in Sources */,
				3E717F4D6E584C83AE31B522 /* DemoApp.swift in Sources */,
				C1123329BA714562B4C1086E /* ContentView.swift in Sources */,
				5DA09A596DDB4881ACAEDFDB /* BookViewModel.swift in Sources */,
			);
			runOnlyForDeploymentPostprocessing = 0;
		};
/* End PBXSourcesBuildPhase section */

/* Begin XCBuildConfiguration section */
		3BD8CC6D41034D399E0B0345 /* Debug */ = {
			isa = XCBuildConfiguration;
			buildSettings = {
				ALWAYS_SEARCH_USER_PATHS = NO;
				CLANG_ENABLE_MODULES = YES;
				COPY_PHASE_STRIP = NO;
				DEBUG_INFORMATION_FORMAT = dwarf;
				ENABLE_USER_SCRIPT_SANDBOXING = YES;
				MACOSX_DEPLOYMENT_TARGET = 14.0;
				ONLY_ACTIVE_ARCH = YES;
				SDKROOT = macosx;
				SWIFT_OPTIMIZATION_LEVEL = "-Onone";
			};
			name = Debug;
		};
		0182B89642ED465B8A99BF48 /* Release */ = {
			isa = XCBuildConfiguration;
			buildSettings = {
				ALWAYS_SEARCH_USER_PATHS = NO;
				CLANG_ENABLE_MODULES = YES;
				COPY_PHASE_STRIP = NO;
				DEBUG_INFORMATION_FORMAT = "dwarf-with-dsym";
				MACOSX_DEPLOYMENT_TARGET = 14.0;
				SDKROOT = macosx;
				SWIFT_COMPILATION_MODE = wholemodule;
			};
			name = Release;
		};
		6B60EA0024AC4D01814F9457 /* Debug */ = {
			isa = XCBuildConfiguration;
			buildSettings = {
				CODE_SIGN_STYLE = Automatic;
				COMBINE_HIDPI_IMAGES = YES;
				CURRENT_PROJECT_VERSION = 1;
				GENERATE_INFOPLIST_FILE = YES;
				INFOPLIST_KEY_CFBundleDisplayName = PDFDemoApp;
				MACOSX_DEPLOYMENT_TARGET = 14.0;
				MARKETING_VERSION = 1.0;
				PRODUCT_BUNDLE_IDENTIFIER = com.example.PDFDemoApp;
				PRODUCT_NAME = "$(TARGET_NAME)";
				SWIFT_VERSION = 5.0;
			};
			name = Debug;
		};
		B8E97D8D684140F6BD735B2C /* Release */ = {
			isa = XCBuildConfiguration;
			buildSettings = {
				CODE_SIGN_STYLE = Automatic;
				COMBINE_HIDPI_IMAGES = YES;
				CURRENT_PROJECT_VERSION = 1;
				GENERATE_INFOPLIST_FILE = YES;
				INFOPLIST_KEY_CFBundleDisplayName = PDFDemoApp;
				MACOSX_DEPLOYMENT_TARGET = 14.0;
				MARKETING_VERSION = 1.0;
				PRODUCT_BUNDLE_IDENTIFIER = com.example.PDFDemoApp;
				PRODUCT_NAME = "$(TARGET_NAME)";
				SWIFT_VERSION = 5.0;
			};
			name = Release;
		};
/* End XCBuildConfiguration section */

/* Begin XCConfigurationList section */
		89926020CF664503B547322C = {
			isa = XCConfigurationList;
			buildConfigurations = (
				3BD8CC6D41034D399E0B0345 /* Debug */,
				0182B89642ED465B8A99BF48 /* Release */,
			);
			defaultConfigurationIsVisible = 0;
			defaultConfigurationName = Release;
		};
		E28A7F2F057F4DD3854596CC = {
			isa = XCConfigurationList;
			buildConfigurations = (
				6B60EA0024AC4D01814F9457 /* Debug */,
				B8E97D8D684140F6BD735B2C /* Release */,
			);
			defaultConfigurationIsVisible = 0;
			defaultConfigurationName = Release;
		};
/* End XCConfigurationList section */
	};
	rootObject = 68415898EE0A46C39AA8A9AB;
}
